Microsoft Visual Studio Solution File, Format Version 12.00
# Visual Studio Version 17
VisualStudioVersion = 17.5.2.0
MinimumVisualStudioVersion = 10.0.40219.1
Project("{FAE04EC0-301F-11D3-BF4B-00C04F79EFBC}") = "ha_modbus_tester", "ha_modbus_tester.csproj", "{2EFBBB59-EDCF-8BC4-97CF-1D42F090E957}"
EndProject
Global
	GlobalSection(SolutionConfigurationPlatforms) = preSolution
		Debug|Any CPU = Debug|Any CPU
		Release|Any CPU = Release|Any CPU
	EndGlobalSection
	GlobalSection(ProjectConfigurationPlatforms) = postSolution
		{2EFBBB59-EDCF-8BC4-97CF-1D42F090E957}.Debug|Any CPU.ActiveCfg = Debug|Any CPU
		{2EFBBB59-EDCF-8BC4-97CF-1D42F090E957}.Debug|Any CPU.Build.0 = Debug|Any CPU
		{2EFBBB59-EDCF-8BC4-97CF-1D42F090E957}.Release|Any CPU.ActiveCfg = Release|Any CPU
		{2EFBBB59-EDCF-8BC4-97CF-1D42F090E957}.Release|Any CPU.Build.0 = Release|Any CPU
	EndGlobalSection
	GlobalSection(SolutionProperties) = preSolution
		HideSolutionNode = FALSE
	EndGlobalSection
	GlobalSection(ExtensibilityGlobals) = postSolution
		SolutionGuid = {54DAD32F-699D-431F-A5FB-ED77DC3A34AC}
	EndGlobalSection
EndGlobal
